
Microsoft Visual Studio Solution File, Format Version 12.00
# Visual Studio Version 17
VisualStudioVersion = 17.4.33103.184
MinimumVisualStudioVersion = 10.0.40219.1
Project("{8BC9CEB8-8B4A-11D0-8D11-00A0C91BC942}") = "Факториал рекурсии", "Факториал рекурсии.vcxproj", "{511BBD53-2C43-47B0-BC25-FCF498AFEF17}"
EndProject
Global
	GlobalSection(SolutionConfigurationPlatforms) = preSolution
		Debug|x64 = Debug|x64
		Debug|x86 = Debug|x86
		Release|x64 = Release|x64
		Release|x86 = Release|x86
	EndGlobalSection
	GlobalSection(ProjectConfigurationPlatforms) = postSolution
		{511BBD53-2C43-47B0-BC25-FCF498AFEF17}.Debug|x64.ActiveCfg = Debug|x64
		{511BBD53-2C43-47B0-BC25-FCF498AFEF17}.Debug|x64.Build.0 = Debug|x64
		{511BBD53-2C43-47B0-BC25-FCF498AFEF17}.Debug|x86.ActiveCfg = Debug|Win32
		{511BBD53-2C43-47B0-BC25-FCF498AFEF17}.Debug|x86.Build.0 = Debug|Win32
		{511BBD53-2C43-47B0-BC25-FCF498AFEF17}.Release|x64.ActiveCfg = Release|x64
		{511BBD53-2C43-47B0-BC25-FCF498AFEF17}.Release|x64.Build.0 = Release|x64
		{511BBD53-2C43-47B0-BC25-FCF498AFEF17}.Release|x86.ActiveCfg = Release|Win32
		{511BBD53-2C43-47B0-BC25-FCF498AFEF17}.Release|x86.Build.0 = Release|Win32
	EndGlobalSection
	GlobalSection(SolutionProperties) = preSolution
		HideSolutionNode = FALSE
	EndGlobalSection
	GlobalSection(ExtensibilityGlobals) = postSolution
		SolutionGuid = {ECA6609F-8658-49F2-8EBF-0C719CE100F8}
	EndGlobalSection
EndGlobal
